
Microsoft Visual Studio Solution File, Format Version 12.00
# Visual Studio Version 17
VisualStudioVersion = 17.2.32526.322
MinimumVisualStudioVersion = 10.0.40219.1
Project("{FAE04EC0-301F-11D3-BF4B-00C04F79EFBC}") = "NintendoGames", "NintendoGames\NintendoGames.csproj", "{CFA232FC-007B-44D0-8F4B-6E3F3CC54719}"
EndProject
Global
	GlobalSection(SolutionConfigurationPlatforms) = preSolution
		Debug|Any CPU = Debug|Any CPU
		Debug|x64 = Debug|x64
		Debug|x86 = Debug|x86
		Release|Any CPU = Release|Any CPU
		Release|x64 = Release|x64
		Release|x86 = Release|x86
	EndGlobalSection
	GlobalSection(ProjectConfigurationPlatforms) = postSolution
		{CFA232FC-007B-44D0-8F4B-6E3F3CC54719}.Debug|Any CPU.ActiveCfg = Debug|Any CPU
		{CFA232FC-007B-44D0-8F4B-6E3F3CC54719}.Debug|Any CPU.Build.0 = Debug|Any CPU
		{CFA232FC-007B-44D0-8F4B-6E3F3CC54719}.Debug|x64.ActiveCfg = Debug|Any CPU
		{CFA232FC-007B-44D0-8F4B-6E3F3CC54719}.Debug|x64.Build.0 = Debug|Any CPU
		{CFA232FC-007B-44D0-8F4B-6E3F3CC54719}.Debug|x86.ActiveCfg = Debug|Any CPU
		{CFA232FC-007B-44D0-8F4B-6E3F3CC54719}.Debug|x86.Build.0 = Debug|Any CPU
		{CFA232FC-007B-44D0-8F4B-6E3F3CC54719}.Release|Any CPU.ActiveCfg = Release|Any CPU
		{CFA232FC-007B-44D0-8F4B-6E3F3CC54719}.Release|Any CPU.Build.0 = Release|Any CPU
		{CFA232FC-007B-44D0-8F4B-6E3F3CC54719}.Release|x64.ActiveCfg = Release|Any CPU
		{CFA232FC-007B-44D0-8F4B-6E3F3CC54719}.Release|x64.Build.0 = Release|Any CPU
		{CFA232FC-007B-44D0-8F4B-6E3F3CC54719}.Release|x86.ActiveCfg = Release|Any CPU
		{CFA232FC-007B-44D0-8F4B-6E3F3CC54719}.Release|x86.Build.0 = Release|Any CPU
	EndGlobalSection
	GlobalSection(SolutionProperties) = preSolution
		HideSolutionNode = FALSE
	EndGlobalSection
	GlobalSection(ExtensibilityGlobals) = postSolution
		SolutionGuid = {BA7446D8-88C6-49C5-BA0D-86D2EF47A919}
	EndGlobalSection
EndGlobal
